<?xml version="1.0" encoding="utf-8"?>
<Project ToolsVersion="4.0" xmlns="http://schemas.microsoft.com/developer/msbuild/2003">
  <ItemGroup>
    <Filter Include="lib">
      <UniqueIdentifier>{fba90e2d-f2d8-4c2e-826c-4f3f31551c19}</UniqueIdentifier>
    </Filter>
  </ItemGroup>
  <ItemGroup>
    <ClInclude Include="..\..\src\base\base.h">
      <Filter>lib</Filter>
    </ClInclude>
    <ClInclude Include="..\..\src\base\platform\linux.h">
      <Filter>lib</Filter>
    </ClInclude>
  </ItemGroup>
</Project>